// !$*UTF8*$!
{
	archiveVersion = 1;
	classes = {
	};
	objectVersion = 50;
	objects = {

/* Begin PBXBuildFile section */
		CA0331A024AC43D300A8E40B /* StudySwiftUI.xcdatamodeld in Sources */ = {isa = PBXBuildFile; fileRef = CA03319E24AC43D300A8E40B /* StudySwiftUI.xcdatamodeld */; };
		CA0331C624AC45F000A8E40B /* DateFormatter+Memo.swift in Sources */ = {isa = PBXBuildFile; fileRef = CA0331C524AC45F000A8E40B /* DateFormatter+Memo.swift */; };
		CA260AB224AAB92E001AEF11 /* AppDelegate.swift in Sources */ = {isa = PBXBuildFile; fileRef = CA260AB124AAB92E001AEF11 /* AppDelegate.swift */; };
		CA260AB424AAB92E001AEF11 /* SceneDelegate.swift in Sources */ = {isa = PBXBuildFile; fileRef = CA260AB324AAB92E001AEF11 /* SceneDelegate.swift */; };
		CA260AB624AAB92E001AEF11 /* MemoListScene.swift in Sources */ = {isa = PBXBuildFile; fileRef = CA260AB524AAB92E001AEF11 /* MemoListScene.swift */; };
		CA260AB824AAB935001AEF11 /* Assets.xcassets in Resources */ = {isa = PBXBuildFile; fileRef = CA260AB724AAB935001AEF11 /* Assets.xcassets */; };
		CA260ABB24AAB935001AEF11 /* Preview Assets.xcassets in Resources */ = {isa = PBXBuildFile; fileRef = CA260ABA24AAB935001AEF11 /* Preview Assets.xcassets */; };
		CA260ABE24AAB935001AEF11 /* LaunchScreen.storyboard in Resources */ = {isa = PBXBuildFile; fileRef = CA260ABC24AAB935001AEF11 /* LaunchScreen.storyboard */; };
		CA260ACD24AB30EC001AEF11 /* Memo.swift in Sources */ = {isa = PBXBuildFile; fileRef = CA260ACC24AB30EC001AEF11 /* Memo.swift */; };
		CA260ACF24AB3224001AEF11 /* MemoStore.swift in Sources */ = {isa = PBXBuildFile; fileRef = CA260ACE24AB3224001AEF11 /* MemoStore.swift */; };
/* End PBXBuildFile section */

/* Begin PBXFileReference section */
		CA03319F24AC43D300A8E40B /* StudySwiftUI.xcdatamodel */ = {isa = PBXFileReference; lastKnownFileType = wrapper.xcdatamodel; path = StudySwiftUI.xcdatamodel; sourceTree = "<group>"; };
		CA0331C524AC45F000A8E40B /* DateFormatter+Memo.swift */ = {isa = PBXFileReference; lastKnownFileType = sourcecode.swift; path = "DateFormatter+Memo.swift"; sourceTree = "<group>"; };
		CA260AAE24AAB92E001AEF11 /* StudySwiftUI.app */ = {isa = PBXFileReference; explicitFileType = wrapper.application; includeInIndex = 0; path = StudySwiftUI.app; sourceTree = BUILT_PRODUCTS_DIR; };
		CA260AB124AAB92E001AEF11 /* AppDelegate.swift */ = {isa = PBXFileReference; lastKnownFileType = sourcecode.swift; path = AppDelegate.swift; sourceTree = "<group>"; };
		CA260AB324AAB92E001AEF11 /* SceneDelegate.swift */ = {isa = PBXFileReference; lastKnownFileType = sourcecode.swift; path = SceneDelegate.swift; sourceTree = "<group>"; };
		CA260AB524AAB92E001AEF11 /* MemoListScene.swift */ = {isa = PBXFileReference; lastKnownFileType = sourcecode.swift; path = MemoListScene.swift; sourceTree = "<group>"; };
		CA260AB724AAB935001AEF11 /* Assets.xcassets */ = {isa = PBXFileReference; lastKnownFileType = folder.assetcatalog; path = Assets.xcassets; sourceTree = "<group>"; };
		CA260ABA24AAB935001AEF11 /* Preview Assets.xcassets */ = {isa = PBXFileReference; lastKnownFileType = folder.assetcatalog; path = "Preview Assets.xcassets"; sourceTree = "<group>"; };
		CA260ABD24AAB935001AEF11 /* Base */ = {isa = PBXFileReference; lastKnownFileType = file.storyboard; name = Base; path = Base.lproj/LaunchScreen.storyboard; sourceTree = "<group>"; };
		CA260ABF24AAB935001AEF11 /* Info.plist */ = {isa = PBXFileReference; lastKnownFileType = text.plist.xml; path = Info.plist; sourceTree = "<group>"; };
		CA260ACC24AB30EC001AEF11 /* Memo.swift */ = {isa = PBXFileReference; lastKnownFileType = sourcecode.swift; path = Memo.swift; sourceTree = "<group>"; };
		CA260ACE24AB3224001AEF11 /* MemoStore.swift */ = {isa = PBXFileReference; lastKnownFileType = sourcecode.swift; path = MemoStore.swift; sourceTree = "<group>"; };
/* End PBXFileReference section */

/* Begin PBXFrameworksBuildPhase section */
		CA260AAB24AAB92E001AEF11 /* Frameworks */ = {
			isa = PBXFrameworksBuildPhase;
			buildActionMask = 2147483647;
			files = (
			);
			runOnlyForDeploymentPostprocessing = 0;
		};
/* End PBXFrameworksBuildPhase section */

/* Begin PBXGroup section */
		CA0331C424AC45D700A8E40B /* Extension */ = {
			isa = PBXGroup;
			children = (
				CA0331C524AC45F000A8E40B /* DateFormatter+Memo.swift */,
			);
			path = Extension;
			sourceTree = "<group>";
		};
		CA260AA524AAB92E001AEF11 = {
			isa = PBXGroup;
			children = (
				CA260AB024AAB92E001AEF11 /* StudySwiftUI */,
				CA260AAF24AAB92E001AEF11 /* Products */,
			);
			sourceTree = "<group>";
		};
		CA260AAF24AAB92E001AEF11 /* Products */ = {
			isa = PBXGroup;
			children = (
				CA260AAE24AAB92E001AEF11 /* StudySwiftUI.app */,
			);
			name = Products;
			sourceTree = "<group>";
		};
		CA260AB024AAB92E001AEF11 /* StudySwiftUI */ = {
			isa = PBXGroup;
			children = (
				CA0331C424AC45D700A8E40B /* Extension */,
				CA260ACB24AB30CB001AEF11 /* Model */,
				CA260AB124AAB92E001AEF11 /* AppDelegate.swift */,
				CA260AB324AAB92E001AEF11 /* SceneDelegate.swift */,
				CA260AB524AAB92E001AEF11 /* MemoListScene.swift */,
				CA260AB724AAB935001AEF11 /* Assets.xcassets */,
				CA260ABC24AAB935001AEF11 /* LaunchScreen.storyboard */,
				CA260ABF24AAB935001AEF11 /* Info.plist */,
				CA260AB924AAB935001AEF11 /* Preview Content */,
				CA03319E24AC43D300A8E40B /* StudySwiftUI.xcdatamodeld */,
			);
			path = StudySwiftUI;
			sourceTree = "<group>";
		};
		CA260AB924AAB935001AEF11 /* Preview Content */ = {
			isa = PBXGroup;
			children = (
				CA260ABA24AAB935001AEF11 /* Preview Assets.xcassets */,
			);
			path = "Preview Content";
			sourceTree = "<group>";
		};
		CA260ACB24AB30CB001AEF11 /* Model */ = {
			isa = PBXGroup;
			children = (
				CA260ACC24AB30EC001AEF11 /* Memo.swift */,
				CA260ACE24AB3224001AEF11 /* MemoStore.swift */,
			);
			path = Model;
			sourceTree = "<group>";
		};
/* End PBXGroup section */

/* Begin PBXNativeTarget section */
		CA260AAD24AAB92E001AEF11 /* StudySwiftUI */ = {
			isa = PBXNativeTarget;
			buildConfigurationList = CA260AC224AAB935001AEF11 /* Build configuration list for PBXNativeTarget "StudySwiftUI" */;
			buildPhases = (
				CA260AAA24AAB92E001AEF11 /* Sources */,
				CA260AAB24AAB92E001AEF11 /* Frameworks */,
				CA260AAC24AAB92E001AEF11 /* Resources */,
			);
			buildRules = (
			);
			dependencies = (
			);
			name = StudySwiftUI;
			productName = StudySwiftUI;
			productReference = CA260AAE24AAB92E001AEF11 /* StudySwiftUI.app */;
			productType = "com.apple.product-type.application";
		};
/* End PBXNativeTarget section */

/* Begin PBXProject section */
		CA260AA624AAB92E001AEF11 /* Project object */ = {
			isa = PBXProject;
			attributes = {
				LastSwiftUpdateCheck = 1150;
				LastUpgradeCheck = 1150;
				ORGANIZATIONNAME = devming;
				TargetAttributes = {
					CA260AAD24AAB92E001AEF11 = {
						CreatedOnToolsVersion = 11.5;
					};
				};
			};
			buildConfigurationList = CA260AA924AAB92E001AEF11 /* Build configuration list for PBXProject "StudySwiftUI" */;
			compatibilityVersion = "Xcode 9.3";
			developmentRegion = en;
			hasScannedForEncodings = 0;
			knownRegions = (
				en,
				Base,
			);
			mainGroup = CA260AA524AAB92E001AEF11;
			productRefGroup = CA260AAF24AAB92E001AEF11 /* Products */;
			projectDirPath = "";
			projectRoot = "";
			targets = (
				CA260AAD24AAB92E001AEF11 /* StudySwiftUI */,
			);
		};
/* End PBXProject section */

/* Begin PBXResourcesBuildPhase section */
		CA260AAC24AAB92E001AEF11 /* Resources */ = {
			isa = PBXResourcesBuildPhase;
			buildActionMask = 2147483647;
			files = (
				CA260ABE24AAB935001AEF11 /* LaunchScreen.storyboard in Resources */,
				CA260ABB24AAB935001AEF11 /* Preview Assets.xcassets in Resources */,
				CA260AB824AAB935001AEF11 /* Assets.xcassets in Resources */,
			);
			runOnlyForDeploymentPostprocessing = 0;
		};
/* End PBXResourcesBuildPhase section */

/* Begin PBXSourcesBuildPhase section */
		CA260AAA24AAB92E001AEF11 /* Sources */ = {
			isa = PBXSourcesBuildPhase;
			buildActionMask = 2147483647;
			files = (
				CA260AB224AAB92E001AEF11 /* AppDelegate.swift in Sources */,
				CA260AB424AAB92E001AEF11 /* SceneDelegate.swift in Sources */,
				CA260AB624AAB92E001AEF11 /* MemoListScene.swift in Sources */,
				CA0331C624AC45F000A8E40B /* DateFormatter+Memo.swift in Sources */,
				CA260ACF24AB3224001AEF11 /* MemoStore.swift in Sources */,
				CA260ACD24AB30EC001AEF11 /* Memo.swift in Sources */,
				CA0331A024AC43D300A8E40B /* StudySwiftUI.xcdatamodeld in Sources */,
			);
			runOnlyForDeploymentPostprocessing = 0;
		};
/* End PBXSourcesBuildPhase section */

/* Begin PBXVariantGroup section */
		CA260ABC24AAB935001AEF11 /* LaunchScreen.storyboard */ = {
			isa = PBXVariantGroup;
			children = (
				CA260ABD24AAB935001AEF11 /* Base */,
			);
			name = LaunchScreen.storyboard;
			sourceTree = "<group>";
		};
/* End PBXVariantGroup section */

/* Begin XCBuildConfiguration section */
		CA260AC024AAB935001AEF11 /* Debug */ = {
			isa = XCBuildConfiguration;
			buildSettings = {
				ALWAYS_SEARCH_USER_PATHS = NO;
				CLANG_ANALYZER_NONNULL = YES;
				CLANG_ANALYZER_NUMBER_OBJECT_CONVERSION = YES_AGGRESSIVE;
				CLANG_CXX_LANGUAGE_STANDARD = "gnu++14";
				CLANG_CXX_LIBRARY = "libc++";
				CLANG_ENABLE_MODULES = YES;
				CLANG_ENABLE_OBJC_ARC = YES;
				CLANG_ENABLE_OBJC_WEAK = YES;
				CLANG_WARN_BLOCK_CAPTURE_AUTORELEASING = YES;
				CLANG_WARN_BOOL_CONVERSION = YES;
				CLANG_WARN_COMMA = YES;
				CLANG_WARN_CONSTANT_CONVERSION = YES;
				CLANG_WARN_DEPRECATED_OBJC_IMPLEMENTATIONS = YES;
				CLANG_WARN_DIRECT_OBJC_ISA_USAGE = YES_ERROR;
				CLANG_WARN_DOCUMENTATION_COMMENTS = YES;
				CLANG_WARN_EMPTY_BODY = YES;
				CLANG_WARN_ENUM_CONVERSION = YES;
				CLANG_WARN_INFINITE_RECURSION = YES;
				CLANG_WARN_INT_CONVERSION = YES;
				CLANG_WARN_NON_LITERAL_NULL_CONVERSION = YES;
				CLANG_WARN_OBJC_IMPLICIT_RETAIN_SELF = YES;
				CLANG_WARN_OBJC_LITERAL_CONVERSION = YES;
				CLANG_WARN_OBJC_ROOT_CLASS = YES_ERROR;
				CLANG_WARN_RANGE_LOOP_ANALYSIS = YES;
				CLANG_WARN_STRICT_PROTOTYPES = YES;
				CLANG_WARN_SUSPICIOUS_MOVE = YES;
				CLANG_WARN_UNGUARDED_AVAILABILITY = YES_AGGRESSIVE;
				CLANG_WARN_UNREACHABLE_CODE = YES;
				CLANG_WARN__DUPLICATE_METHOD_MATCH = YES;
				COPY_PHASE_STRIP = NO;
				DEBUG_INFORMATION_FORMAT = dwarf;
				ENABLE_STRICT_OBJC_MSGSEND = YES;
				ENABLE_TESTABILITY = YES;
				GCC_C_LANGUAGE_STANDARD = gnu11;
				GCC_DYNAMIC_NO_PIC = NO;
				GCC_NO_COMMON_BLOCKS = YES;
				GCC_OPTIMIZATION_LEVEL = 0;
				GCC_PREPROCESSOR_DEFINITIONS = (
					"DEBUG=1",
					"$(inherited)",
				);
				GCC_WARN_64_TO_32_BIT_CONVERSION = YES;
				GCC_WARN_ABOUT_RETURN_TYPE = YES_ERROR;
				GCC_WARN_UNDECLARED_SELECTOR = YES;
				GCC_WARN_UNINITIALIZED_AUTOS = YES_AGGRESSIVE;
				GCC_WARN_UNUSED_FUNCTION = YES;
				GCC_WARN_UNUSED_VARIABLE = YES;
				IPHONEOS_DEPLOYMENT_TARGET = 13.5;
				MTL_ENABLE_DEBUG_INFO = INCLUDE_SOURCE;
				MTL_FAST_MATH = YES;
				ONLY_ACTIVE_ARCH = YES;
				SDKROOT = iphoneos;
				SWIFT_ACTIVE_COMPILATION_CONDITIONS = DEBUG;
				SWIFT_OPTIMIZATION_LEVEL = "-Onone";
			};
			name = Debug;
		};
		CA260AC124AAB935001AEF11 /* Release */ = {
			isa = XCBuildConfiguration;
			buildSettings = {
				ALWAYS_SEARCH_USER_PATHS = NO;
				CLANG_ANALYZER_NONNULL = YES;
				CLANG_ANALYZER_NUMBER_OBJECT_CONVERSION = YES_AGGRESSIVE;
				CLANG_CXX_LANGUAGE_STANDARD = "gnu++14";
				CLANG_CXX_LIBRARY = "libc++";
				CLANG_ENABLE_MODULES = YES;
				CLANG_ENABLE_OBJC_ARC = YES;
				CLANG_ENABLE_OBJC_WEAK = YES;
				CLANG_WARN_BLOCK_CAPTURE_AUTORELEASING = YES;
				CLANG_WARN_BOOL_CONVERSION = YES;
				CLANG_WARN_COMMA = YES;
				CLANG_WARN_CONSTANT_CONVERSION = YES;
				CLANG_WARN_DEPRECATED_OBJC_IMPLEMENTATIONS = YES;
				CLANG_WARN_DIRECT_OBJC_ISA_USAGE = YES_ERROR;
				CLANG_WARN_DOCUMENTATION_COMMENTS = YES;
				CLANG_WARN_EMPTY_BODY = YES;
				CLANG_WARN_ENUM_CONVERSION = YES;
				CLANG_WARN_INFINITE_RECURSION = YES;
				CLANG_WARN_INT_CONVERSION = YES;
				CLANG_WARN_NON_LITERAL_NULL_CONVERSION = YES;
				CLANG_WARN_OBJC_IMPLICIT_RETAIN_SELF = YES;
				CLANG_WARN_OBJC_LITERAL_CONVERSION = YES;
				CLANG_WARN_OBJC_ROOT_CLASS = YES_ERROR;
				CLANG_WARN_RANGE_LOOP_ANALYSIS = YES;
				CLANG_WARN_STRICT_PROTOTYPES = YES;
				CLANG_WARN_SUSPICIOUS_MOVE = YES;
				CLANG_WARN_UNGUARDED_AVAILABILITY = YES_AGGRESSIVE;
				CLANG_WARN_UNREACHABLE_CODE = YES;
				CLANG_WARN__DUPLICATE_METHOD_MATCH = YES;
				COPY_PHASE_STRIP = NO;
				DEBUG_INFORMATION_FORMAT = "dwarf-with-dsym";
				ENABLE_NS_ASSERTIONS = NO;
				ENABLE_STRICT_OBJC_MSGSEND = YES;
				GCC_C_LANGUAGE_STANDARD = gnu11;
				GCC_NO_COMMON_BLOCKS = YES;
				GCC_WARN_64_TO_32_BIT_CONVERSION = YES;
				GCC_WARN_ABOUT_RETURN_TYPE = YES_ERROR;
				GCC_WARN_UNDECLARED_SELECTOR = YES;
				GCC_WARN_UNINITIALIZED_AUTOS = YES_AGGRESSIVE;
				GCC_WARN_UNUSED_FUNCTION = YES;
				GCC_WARN_UNUSED_VARIABLE = YES;
				IPHONEOS_DEPLOYMENT_TARGET = 13.5;
				MTL_ENABLE_DEBUG_INFO = NO;
				MTL_FAST_MATH = YES;
				SDKROOT = iphoneos;
				SWIFT_COMPILATION_MODE = wholemodule;
				SWIFT_OPTIMIZATION_LEVEL = "-O";
				VALIDATE_PRODUCT = YES;
			};
			name = Release;
		};
		CA260AC324AAB935001AEF11 /* Debug */ = {
			isa = XCBuildConfiguration;
			buildSettings = {
				ASSETCATALOG_COMPILER_APPICON_NAME = AppIcon;
				CODE_SIGN_STYLE = Automatic;
				DEVELOPMENT_ASSET_PATHS = "\"StudySwiftUI/Preview Content\"";
				DEVELOPMENT_TEAM = HGQ9YZ4HTR;
				ENABLE_PREVIEWS = YES;
				INFOPLIST_FILE = StudySwiftUI/Info.plist;
				LD_RUNPATH_SEARCH_PATHS = (
					"$(inherited)",
					"@executable_path/Frameworks",
				);
				PRODUCT_BUNDLE_IDENTIFIER = com.devming.StudySwiftUI;
				PRODUCT_NAME = "$(TARGET_NAME)";
				SWIFT_VERSION = 5.0;
				TARGETED_DEVICE_FAMILY = "1,2";
			};
			name = Debug;
		};
		CA260AC424AAB935001AEF11 /* Release */ = {
			isa = XCBuildConfiguration;
			buildSettings = {
				ASSETCATALOG_COMPILER_APPICON_NAME = AppIcon;
				CODE_SIGN_STYLE = Automatic;
				DEVELOPMENT_ASSET_PATHS = "\"StudySwiftUI/Preview Content\"";
				DEVELOPMENT_TEAM = HGQ9YZ4HTR;
				ENABLE_PREVIEWS = YES;
				INFOPLIST_FILE = StudySwiftUI/Info.plist;
				LD_RUNPATH_SEARCH_PATHS = (
					"$(inherited)",
					"@executable_path/Frameworks",
				);
				PRODUCT_BUNDLE_IDENTIFIER = com.devming.StudySwiftUI;
				PRODUCT_NAME = "$(TARGET_NAME)";
				SWIFT_VERSION = 5.0;
				TARGETED_DEVICE_FAMILY = "1,2";
			};
			name = Release;
		};
/* End XCBuildConfiguration section */

/* Begin XCConfigurationList section */
		CA260AA924AAB92E001AEF11 /* Build configuration list for PBXProject "StudySwiftUI" */ = {
			isa = XCConfigurationList;
			buildConfigurations = (
				CA260AC024AAB935001AEF11 /* Debug */,
				CA260AC124AAB935001AEF11 /* Release */,
			);
			defaultConfigurationIsVisible = 0;
			defaultConfigurationName = Release;
		};
		CA260AC224AAB935001AEF11 /* Build configuration list for PBXNativeTarget "StudySwiftUI" */ = {
			isa = XCConfigurationList;
			buildConfigurations = (
				CA260AC324AAB935001AEF11 /* Debug */,
				CA260AC424AAB935001AEF11 /* Release */,
			);
			defaultConfigurationIsVisible = 0;
			defaultConfigurationName = Release;
		};
/* End XCConfigurationList section */

/* Begin XCVersionGroup section */
		CA03319E24AC43D300A8E40B /* StudySwiftUI.xcdatamodeld */ = {
			isa = XCVersionGroup;
			children = (
				CA03319F24AC43D300A8E40B /* StudySwiftUI.xcdatamodel */,
			);
			currentVersion = CA03319F24AC43D300A8E40B /* StudySwiftUI.xcdatamodel */;
			path = StudySwiftUI.xcdatamodeld;
			sourceTree = "<group>";
			versionGroupType = wrapper.xcdatamodel;
		};
/* End XCVersionGroup section */
	};
	rootObject = CA260AA624AAB92E001AEF11 /* Project object */;
}
